// !$*UTF8*$!
{
	archiveVersion = 1;
	classes = {
	};
	objectVersion = 46;
	objects = {

/* Begin PBXBuildFile section */
		CCB7925219FDC96500DB5D70 /* main.m in Sources */ = {isa = PBXBuildFile; fileRef = CCB7925119FDC96500DB5D70 /* main.m */; };
		CCB7925519FDC96500DB5D70 /* AppDelegate.m in Sources */ = {isa = PBXBuildFile; fileRef = CCB7925419FDC96500DB5D70 /* AppDelegate.m */; };
		CCB7925819FDC96500DB5D70 /* wordPlay2MM.xcdatamodeld in Sources */ = {isa = PBXBuildFile; fileRef = CCB7925619FDC96500DB5D70 /* wordPlay2MM.xcdatamodeld */; };
		CCB7925B19FDC96500DB5D70 /* ViewController.m in Sources */ = {isa = PBXBuildFile; fileRef = CCB7925A19FDC96500DB5D70 /* ViewController.m */; };
		CCB7925E19FDC96500DB5D70 /* Main.storyboard in Resources */ = {isa = PBXBuildFile; fileRef = CCB7925C19FDC96500DB5D70 /* Main.storyboard */; };
		CCB7926019FDC96500DB5D70 /* Images.xcassets in Resources */ = {isa = PBXBuildFile; fileRef = CCB7925F19FDC96500DB5D70 /* Images.xcassets */; };
		CCB7926319FDC96500DB5D70 /* LaunchScreen.xib in Resources */ = {isa = PBXBuildFile; fileRef = CCB7926119FDC96500DB5D70 /* LaunchScreen.xib */; };
		CCB7926F19FDC96500DB5D70 /* wordPlay2MMTests.m in Sources */ = {isa = PBXBuildFile; fileRef = CCB7926E19FDC96500DB5D70 /* wordPlay2MMTests.m */; };
/* End PBXBuildFile section */

/* Begin PBXContainerItemProxy section */
		CCB7926919FDC96500DB5D70 /* PBXContainerItemProxy */ = {
			isa = PBXContainerItemProxy;
			containerPortal = CCB7924419FDC96500DB5D70 /* Project object */;
			proxyType = 1;
			remoteGlobalIDString = CCB7924B19FDC96500DB5D70;
			remoteInfo = wordPlay2MM;
		};
/* End PBXContainerItemProxy section */

/* Begin PBXFileReference section */
		CCB7924C19FDC96500DB5D70 /* wordPlay2MM.app */ = {isa = PBXFileReference; explicitFileType = wrapper.application; includeInIndex = 0; path = wordPlay2MM.app; sourceTree = BUILT_PRODUCTS_DIR; };
		CCB7925019FDC96500DB5D70 /* Info.plist */ = {isa = PBXFileReference; lastKnownFileType = text.plist.xml; path = Info.plist; sourceTree = "<group>"; };
		CCB7925119FDC96500DB5D70 /* main.m */ = {isa = PBXFileReference; lastKnownFileType = sourcecode.c.objc; path = main.m; sourceTree = "<group>"; };
		CCB7925319FDC96500DB5D70 /* AppDelegate.h */ = {isa = PBXFileReference; lastKnownFileType = sourcecode.c.h; path = AppDelegate.h; sourceTree = "<group>"; };
		CCB7925419FDC96500DB5D70 /* AppDelegate.m */ = {isa = PBXFileReference; lastKnownFileType = sourcecode.c.objc; path = AppDelegate.m; sourceTree = "<group>"; };
		CCB7925719FDC96500DB5D70 /* wordPlay2MM.xcdatamodel */ = {isa = PBXFileReference; lastKnownFileType = wrapper.xcdatamodel; path = wordPlay2MM.xcdatamodel; sourceTree = "<group>"; };
		CCB7925919FDC96500DB5D70 /* ViewController.h */ = {isa = PBXFileReference; lastKnownFileType = sourcecode.c.h; path = ViewController.h; sourceTree = "<group>"; };
		CCB7925A19FDC96500DB5D70 /* ViewController.m */ = {isa = PBXFileReference; lastKnownFileType = sourcecode.c.objc; path = ViewController.m; sourceTree = "<group>"; };
		CCB7925D19FDC96500DB5D70 /* Base */ = {isa = PBXFileReference; lastKnownFileType = file.storyboard; name = Base; path = Base.lproj/Main.storyboard; sourceTree = "<group>"; };
		CCB7925F19FDC96500DB5D70 /* Images.xcassets */ = {isa = PBXFileReference; lastKnownFileType = folder.assetcatalog; path = Images.xcassets; sourceTree = "<group>"; };
		CCB7926219FDC96500DB5D70 /* Base */ = {isa = PBXFileReference; lastKnownFileType = file.xib; name = Base; path = Base.lproj/LaunchScreen.xib; sourceTree = "<group>"; };
		CCB7926819FDC96500DB5D70 /* wordPlay2MMTests.xctest */ = {isa = PBXFileReference; explicitFileType = wrapper.cfbundle; includeInIndex = 0; path = wordPlay2MMTests.xctest; sourceTree = BUILT_PRODUCTS_DIR; };
		CCB7926D19FDC96500DB5D70 /* Info.plist */ = {isa = PBXFileReference; lastKnownFileType = text.plist.xml; path = Info.plist; sourceTree = "<group>"; };
		CCB7926E19FDC96500DB5D70 /* wordPlay2MMTests.m */ = {isa = PBXFileReference; lastKnownFileType = sourcecode.c.objc; path = wordPlay2MMTests.m; sourceTree = "<group>"; };
/* End PBXFileReference section */

/* Begin PBXFrameworksBuildPhase section */
		CCB7924919FDC96500DB5D70 /* Frameworks */ = {
			isa = PBXFrameworksBuildPhase;
			buildActionMask = 2147483647;
			files = (
			);
			runOnlyForDeploymentPostprocessing = 0;
		};
		CCB7926519FDC96500DB5D70 /* Frameworks */ = {
			isa = PBXFrameworksBuildPhase;
			buildActionMask = 2147483647;
			files = (
			);
			runOnlyForDeploymentPostprocessing = 0;
		};
/* End PBXFrameworksBuildPhase section */

/* Begin PBXGroup section */
		CCB7924319FDC96500DB5D70 = {
			isa = PBXGroup;
			children = (
				CCB7924E19FDC96500DB5D70 /* wordPlay2MM */,
				CCB7926B19FDC96500DB5D70 /* wordPlay2MMTests */,
				CCB7924D19FDC96500DB5D70 /* Products */,
			);
			sourceTree = "<group>";
		};
		CCB7924D19FDC96500DB5D70 /* Products */ = {
			isa = PBXGroup;
			children = (
				CCB7924C19FDC96500DB5D70 /* wordPlay2MM.app */,
				CCB7926819FDC96500DB5D70 /* wordPlay2MMTests.xctest */,
			);
			name = Products;
			sourceTree = "<group>";
		};
		CCB7924E19FDC96500DB5D70 /* wordPlay2MM */ = {
			isa = PBXGroup;
			children = (
				CCB7925319FDC96500DB5D70 /* AppDelegate.h */,
				CCB7925419FDC96500DB5D70 /* AppDelegate.m */,
				CCB7925919FDC96500DB5D70 /* ViewController.h */,
				CCB7925A19FDC96500DB5D70 /* ViewController.m */,
				CCB7925C19FDC96500DB5D70 /* Main.storyboard */,
				CCB7925F19FDC96500DB5D70 /* Images.xcassets */,
				CCB7926119FDC96500DB5D70 /* LaunchScreen.xib */,
				CCB7925619FDC96500DB5D70 /* wordPlay2MM.xcdatamodeld */,
				CCB7924F19FDC96500DB5D70 /* Supporting Files */,
			);
			path = wordPlay2MM;
			sourceTree = "<group>";
		};
		CCB7924F19FDC96500DB5D70 /* Supporting Files */ = {
			isa = PBXGroup;
			children = (
				CCB7925019FDC96500DB5D70 /* Info.plist */,
				CCB7925119FDC96500DB5D70 /* main.m */,
			);
			name = "Supporting Files";
			sourceTree = "<group>";
		};
		CCB7926B19FDC96500DB5D70 /* wordPlay2MMTests */ = {
			isa = PBXGroup;
			children = (
				CCB7926E19FDC96500DB5D70 /* wordPlay2MMTests.m */,
				CCB7926C19FDC96500DB5D70 /* Supporting Files */,
			);
			path = wordPlay2MMTests;
			sourceTree = "<group>";
		};
		CCB7926C19FDC96500DB5D70 /* Supporting Files */ = {
			isa = PBXGroup;
			children = (
				CCB7926D19FDC96500DB5D70 /* Info.plist */,
			);
			name = "Supporting Files";
			sourceTree = "<group>";
		};
/* End PBXGroup section */

/* Begin PBXNativeTarget section */
		CCB7924B19FDC96500DB5D70 /* wordPlay2MM */ = {
			isa = PBXNativeTarget;
			buildConfigurationList = CCB7927219FDC96500DB5D70 /* Build configuration list for PBXNativeTarget "wordPlay2MM" */;
			buildPhases = (
				CCB7924819FDC96500DB5D70 /* Sources */,
				CCB7924919FDC96500DB5D70 /* Frameworks */,
				CCB7924A19FDC96500DB5D70 /* Resources */,
			);
			buildRules = (
			);
			dependencies = (
			);
			name = wordPlay2MM;
			productName = wordPlay2MM;
			productReference = CCB7924C19FDC96500DB5D70 /* wordPlay2MM.app */;
			productType = "com.apple.product-type.application";
		};
		CCB7926719FDC96500DB5D70 /* wordPlay2MMTests */ = {
			isa = PBXNativeTarget;
			buildConfigurationList = CCB7927519FDC96500DB5D70 /* Build configuration list for PBXNativeTarget "wordPlay2MMTests" */;
			buildPhases = (
				CCB7926419FDC96500DB5D70 /* Sources */,
				CCB7926519FDC96500DB5D70 /* Frameworks */,
				CCB7926619FDC96500DB5D70 /* Resources */,
			);
			buildRules = (
			);
			dependencies = (
				CCB7926A19FDC96500DB5D70 /* PBXTargetDependency */,
			);
			name = wordPlay2MMTests;
			productName = wordPlay2MMTests;
			productReference = CCB7926819FDC96500DB5D70 /* wordPlay2MMTests.xctest */;
			productType = "com.apple.product-type.bundle.unit-test";
		};
/* End PBXNativeTarget section */

/* Begin PBXProject section */
		CCB7924419FDC96500DB5D70 /* Project object */ = {
			isa = PBXProject;
			attributes = {
				LastUpgradeCheck = 0600;
				ORGANIZATIONNAME = "MIKE LAND";
				TargetAttributes = {
					CCB7924B19FDC96500DB5D70 = {
						CreatedOnToolsVersion = 6.0.1;
					};
					CCB7926719FDC96500DB5D70 = {
						CreatedOnToolsVersion = 6.0.1;
						TestTargetID = CCB7924B19FDC96500DB5D70;
					};
				};
			};
			buildConfigurationList = CCB7924719FDC96500DB5D70 /* Build configuration list for PBXProject "wordPlay2MM" */;
			compatibilityVersion = "Xcode 3.2";
			developmentRegion = English;
			hasScannedForEncodings = 0;
			knownRegions = (
				en,
				Base,
			);
			mainGroup = CCB7924319FDC96500DB5D70;
			productRefGroup = CCB7924D19FDC96500DB5D70 /* Products */;
			projectDirPath = "";
			projectRoot = "";
			targets = (
				CCB7924B19FDC96500DB5D70 /* wordPlay2MM */,
				CCB7926719FDC96500DB5D70 /* wordPlay2MMTests */,
			);
		};
/* End PBXProject section */

/* Begin PBXResourcesBuildPhase section */
		CCB7924A19FDC96500DB5D70 /* Resources */ = {
			isa = PBXResourcesBuildPhase;
			buildActionMask = 2147483647;
			files = (
				CCB7925E19FDC96500DB5D70 /* Main.storyboard in Resources */,
				CCB7926319FDC96500DB5D70 /* LaunchScreen.xib in Resources */,
				CCB7926019FDC96500DB5D70 /* Images.xcassets in Resources */,
			);
			runOnlyForDeploymentPostprocessing = 0;
		};
		CCB7926619FDC96500DB5D70 /* Resources */ = {
			isa = PBXResourcesBuildPhase;
			buildActionMask = 2147483647;
			files = (
			);
			runOnlyForDeploymentPostprocessing = 0;
		};
/* End PBXResourcesBuildPhase section */

/* Begin PBXSourcesBuildPhase section */
		CCB7924819FDC96500DB5D70 /* Sources */ = {
			isa = PBXSourcesBuildPhase;
			buildActionMask = 2147483647;
			files = (
				CCB7925519FDC96500DB5D70 /* AppDelegate.m in Sources */,
				CCB7925819FDC96500DB5D70 /* wordPlay2MM.xcdatamodeld in Sources */,
				CCB7925B19FDC96500DB5D70 /* ViewController.m in Sources */,
				CCB7925219FDC96500DB5D70 /* main.m in Sources */,
			);
			runOnlyForDeploymentPostprocessing = 0;
		};
		CCB7926419FDC96500DB5D70 /* Sources */ = {
			isa = PBXSourcesBuildPhase;
			buildActionMask = 2147483647;
			files = (
				CCB7926F19FDC96500DB5D70 /* wordPlay2MMTests.m in Sources */,
			);
			runOnlyForDeploymentPostprocessing = 0;
		};
/* End PBXSourcesBuildPhase section */

/* Begin PBXTargetDependency section */
		CCB7926A19FDC96500DB5D70 /* PBXTargetDependency */ = {
			isa = PBXTargetDependency;
			target = CCB7924B19FDC96500DB5D70 /* wordPlay2MM */;
			targetProxy = CCB7926919FDC96500DB5D70 /* PBXContainerItemProxy */;
		};
/* End PBXTargetDependency section */

/* Begin PBXVariantGroup section */
		CCB7925C19FDC96500DB5D70 /* Main.storyboard */ = {
			isa = PBXVariantGroup;
			children = (
				CCB7925D19FDC96500DB5D70 /* Base */,
			);
			name = Main.storyboard;
			sourceTree = "<group>";
		};
		CCB7926119FDC96500DB5D70 /* LaunchScreen.xib */ = {
			isa = PBXVariantGroup;
			children = (
				CCB7926219FDC96500DB5D70 /* Base */,
			);
			name = LaunchScreen.xib;
			sourceTree = "<group>";
		};
/* End PBXVariantGroup section */

/* Begin XCBuildConfiguration section */
		CCB7927019FDC96500DB5D70 /* Debug */ = {
			isa = XCBuildConfiguration;
			buildSettings = {
				ALWAYS_SEARCH_USER_PATHS = NO;
				CLANG_CXX_LANGUAGE_STANDARD = "gnu++0x";
				CLANG_CXX_LIBRARY = "libc++";
				CLANG_ENABLE_MODULES = YES;
				CLANG_ENABLE_OBJC_ARC = YES;
				CLANG_WARN_BOOL_CONVERSION = YES;
				CLANG_WARN_CONSTANT_CONVERSION = YES;
				CLANG_WARN_DIRECT_OBJC_ISA_USAGE = YES_ERROR;
				CLANG_WARN_EMPTY_BODY = YES;
				CLANG_WARN_ENUM_CONVERSION = YES;
				CLANG_WARN_INT_CONVERSION = YES;
				CLANG_WARN_OBJC_ROOT_CLASS = YES_ERROR;
				CLANG_WARN_UNREACHABLE_CODE = YES;
				CLANG_WARN__DUPLICATE_METHOD_MATCH = YES;
				"CODE_SIGN_IDENTITY[sdk=iphoneos*]" = "iPhone Developer";
				COPY_PHASE_STRIP = NO;
				ENABLE_STRICT_OBJC_MSGSEND = YES;
				GCC_C_LANGUAGE_STANDARD = gnu99;
				GCC_DYNAMIC_NO_PIC = NO;
				GCC_OPTIMIZATION_LEVEL = 0;
				GCC_PREPROCESSOR_DEFINITIONS = (
					"DEBUG=1",
					"$(inherited)",
				);
				GCC_SYMBOLS_PRIVATE_EXTERN = NO;
				GCC_WARN_64_TO_32_BIT_CONVERSION = YES;
				GCC_WARN_ABOUT_RETURN_TYPE = YES_ERROR;
				GCC_WARN_UNDECLARED_SELECTOR = YES;
				GCC_WARN_UNINITIALIZED_AUTOS = YES_AGGRESSIVE;
				GCC_WARN_UNUSED_FUNCTION = YES;
				GCC_WARN_UNUSED_VARIABLE = YES;
				IPHONEOS_DEPLOYMENT_TARGET = 8.0;
				MTL_ENABLE_DEBUG_INFO = YES;
				ONLY_ACTIVE_ARCH = YES;
				SDKROOT = iphoneos;
			};
			name = Debug;
		};
		CCB7927119FDC96500DB5D70 /* Release */ = {
			isa = XCBuildConfiguration;
			buildSettings = {
				ALWAYS_SEARCH_USER_PATHS = NO;
				CLANG_CXX_LANGUAGE_STANDARD = "gnu++0x";
				CLANG_CXX_LIBRARY = "libc++";
				CLANG_ENABLE_MODULES = YES;
				CLANG_ENABLE_OBJC_ARC = YES;
				CLANG_WARN_BOOL_CONVERSION = YES;
				CLANG_WARN_CONSTANT_CONVERSION = YES;
				CLANG_WARN_DIRECT_OBJC_ISA_USAGE = YES_ERROR;
				CLANG_WARN_EMPTY_BODY = YES;
				CLANG_WARN_ENUM_CONVERSION = YES;
				CLANG_WARN_INT_CONVERSION = YES;
				CLANG_WARN_OBJC_ROOT_CLASS = YES_ERROR;
				CLANG_WARN_UNREACHABLE_CODE = YES;
				CLANG_WARN__DUPLICATE_METHOD_MATCH = YES;
				"CODE_SIGN_IDENTITY[sdk=iphoneos*]" = "iPhone Developer";
				COPY_PHASE_STRIP = YES;
				ENABLE_NS_ASSERTIONS = NO;
				ENABLE_STRICT_OBJC_MSGSEND = YES;
				GCC_C_LANGUAGE_STANDARD = gnu99;
				GCC_WARN_64_TO_32_BIT_CONVERSION = YES;
				GCC_WARN_ABOUT_RETURN_TYPE = YES_ERROR;
				GCC_WARN_UNDECLARED_SELECTOR = YES;
				GCC_WARN_UNINITIALIZED_AUTOS = YES_AGGRESSIVE;
				GCC_WARN_UNUSED_FUNCTION = YES;
				GCC_WARN_UNUSED_VARIABLE = YES;
				IPHONEOS_DEPLOYMENT_TARGET = 8.0;
				MTL_ENABLE_DEBUG_INFO = NO;
				SDKROOT = iphoneos;
				VALIDATE_PRODUCT = YES;
			};
			name = Release;
		};
		CCB7927319FDC96500DB5D70 /* Debug */ = {
			isa = XCBuildConfiguration;
			buildSettings = {
				ASSETCATALOG_COMPILER_APPICON_NAME = AppIcon;
				INFOPLIST_FILE = wordPlay2MM/Info.plist;
				LD_RUNPATH_SEARCH_PATHS = "$(inherited) @executable_path/Frameworks";
				PRODUCT_NAME = "$(TARGET_NAME)";
			};
			name = Debug;
		};
		CCB7927419FDC96500DB5D70 /* Release */ = {
			isa = XCBuildConfiguration;
			buildSettings = {
				ASSETCATALOG_COMPILER_APPICON_NAME = AppIcon;
				INFOPLIST_FILE = wordPlay2MM/Info.plist;
				LD_RUNPATH_SEARCH_PATHS = "$(inherited) @executable_path/Frameworks";
				PRODUCT_NAME = "$(TARGET_NAME)";
			};
			name = Release;
		};
		CCB7927619FDC96500DB5D70 /* Debug */ = {
			isa = XCBuildConfiguration;
			buildSettings = {
				BUNDLE_LOADER = "$(TEST_HOST)";
				FRAMEWORK_SEARCH_PATHS = (
					"$(SDKROOT)/Developer/Library/Frameworks",
					"$(inherited)",
				);
				GCC_PREPROCESSOR_DEFINITIONS = (
					"DEBUG=1",
					"$(inherited)",
				);
				INFOPLIST_FILE = wordPlay2MMTests/Info.plist;
				LD_RUNPATH_SEARCH_PATHS = "$(inherited) @executable_path/Frameworks @loader_path/Frameworks";
				PRODUCT_NAME = "$(TARGET_NAME)";
				TEST_HOST = "$(BUILT_PRODUCTS_DIR)/wordPlay2MM.app/wordPlay2MM";
			};
			name = Debug;
		};
		CCB7927719FDC96500DB5D70 /* Release */ = {
			isa = XCBuildConfiguration;
			buildSettings = {
				BUNDLE_LOADER = "$(TEST_HOST)";
				FRAMEWORK_SEARCH_PATHS = (
					"$(SDKROOT)/Developer/Library/Frameworks",
					"$(inherited)",
				);
				INFOPLIST_FILE = wordPlay2MMTests/Info.plist;
				LD_RUNPATH_SEARCH_PATHS = "$(inherited) @executable_path/Frameworks @loader_path/Frameworks";
				PRODUCT_NAME = "$(TARGET_NAME)";
				TEST_HOST = "$(BUILT_PRODUCTS_DIR)/wordPlay2MM.app/wordPlay2MM";
			};
			name = Release;
		};
/* End XCBuildConfiguration section */

/* Begin XCConfigurationList section */
		CCB7924719FDC96500DB5D70 /* Build configuration list for PBXProject "wordPlay2MM" */ = {
			isa = XCConfigurationList;
			buildConfigurations = (
				CCB7927019FDC96500DB5D70 /* Debug */,
				CCB7927119FDC96500DB5D70 /* Release */,
			);
			defaultConfigurationIsVisible = 0;
			defaultConfigurationName = Release;
		};
		CCB7927219FDC96500DB5D70 /* Build configuration list for PBXNativeTarget "wordPlay2MM" */ = {
			isa = XCConfigurationList;
			buildConfigurations = (
				CCB7927319FDC96500DB5D70 /* Debug */,
				CCB7927419FDC96500DB5D70 /* Release */,
			);
			defaultConfigurationIsVisible = 0;
		};
		CCB7927519FDC96500DB5D70 /* Build configuration list for PBXNativeTarget "wordPlay2MMTests" */ = {
			isa = XCConfigurationList;
			buildConfigurations = (
				CCB7927619FDC96500DB5D70 /* Debug */,
				CCB7927719FDC96500DB5D70 /* Release */,
			);
			defaultConfigurationIsVisible = 0;
		};
/* End XCConfigurationList section */

/* Begin XCVersionGroup section */
		CCB7925619FDC96500DB5D70 /* wordPlay2MM.xcdatamodeld */ = {
			isa = XCVersionGroup;
			children = (
				CCB7925719FDC96500DB5D70 /* wordPlay2MM.xcdatamodel */,
			);
			currentVersion = CCB7925719FDC96500DB5D70 /* wordPlay2MM.xcdatamodel */;
			path = wordPlay2MM.xcdatamodeld;
			sourceTree = "<group>";
			versionGroupType = wrapper.xcdatamodel;
		};
/* End XCVersionGroup section */
	};
	rootObject = CCB7924419FDC96500DB5D70 /* Project object */;
}
